
Microsoft Visual Studio Solution File, Format Version 12.00
# Visual Studio Version 16
VisualStudioVersion = 16.0.30002.166
MinimumVisualStudioVersion = 10.0.40219.1
Project("{FAE04EC0-301F-11D3-BF4B-00C04F79EFBC}") = "DizilerOrnek", "DizilerOrnek\DizilerOrnek.csproj", "{64A3D509-B1CA-4609-A160-933F6B466562}"
EndProject
Global
	GlobalSection(SolutionConfigurationPlatforms) = preSolution
		Debug|Any CPU = Debug|Any CPU
		Release|Any CPU = Release|Any CPU
	EndGlobalSection
	GlobalSection(ProjectConfigurationPlatforms) = postSolution
		{64A3D509-B1CA-4609-A160-933F6B466562}.Debug|Any CPU.ActiveCfg = Debug|Any CPU
		{64A3D509-B1CA-4609-A160-933F6B466562}.Debug|Any CPU.Build.0 = Debug|Any CPU
		{64A3D509-B1CA-4609-A160-933F6B466562}.Release|Any CPU.ActiveCfg = Release|Any CPU
		{64A3D509-B1CA-4609-A160-933F6B466562}.Release|Any CPU.Build.0 = Release|Any CPU
	EndGlobalSection
	GlobalSection(SolutionProperties) = preSolution
		HideSolutionNode = FALSE
	EndGlobalSection
	GlobalSection(ExtensibilityGlobals) = postSolution
		SolutionGuid = {B819AB46-9B99-4DFE-BF66-079BCF1AA5A2}
	EndGlobalSection
EndGlobal
